
Microsoft Visual Studio Solution File, Format Version 12.00
# Visual Studio Version 16
VisualStudioVersion = 16.0.30907.101
MinimumVisualStudioVersion = 10.0.40219.1
Project("{FAE04EC0-301F-11D3-BF4B-00C04F79EFBC}") = "NestedClasswithInheritance", "NestedClasswithInheritance.csproj", "{22CD5373-D6ED-4BF9-976E-1CD1AC0B08B5}"
EndProject
Global
	GlobalSection(SolutionConfigurationPlatforms) = preSolution
		Debug|Any CPU = Debug|Any CPU
		Release|Any CPU = Release|Any CPU
	EndGlobalSection
	GlobalSection(ProjectConfigurationPlatforms) = postSolution
		{22CD5373-D6ED-4BF9-976E-1CD1AC0B08B5}.Debug|Any CPU.ActiveCfg = Debug|Any CPU
		{22CD5373-D6ED-4BF9-976E-1CD1AC0B08B5}.Debug|Any CPU.Build.0 = Debug|Any CPU
		{22CD5373-D6ED-4BF9-976E-1CD1AC0B08B5}.Release|Any CPU.ActiveCfg = Release|Any CPU
		{22CD5373-D6ED-4BF9-976E-1CD1AC0B08B5}.Release|Any CPU.Build.0 = Release|Any CPU
	EndGlobalSection
	GlobalSection(SolutionProperties) = preSolution
		HideSolutionNode = FALSE
	EndGlobalSection
	GlobalSection(ExtensibilityGlobals) = postSolution
		SolutionGuid = {E41EB24E-3CE3-4C87-B96F-E8C539E9718B}
	EndGlobalSection
EndGlobal
