
Microsoft Visual Studio Solution File, Format Version 12.00
# Visual Studio Version 16
VisualStudioVersion = 16.0.30907.101
MinimumVisualStudioVersion = 10.0.40219.1
Project("{FAE04EC0-301F-11D3-BF4B-00C04F79EFBC}") = "SealedDemo", "SealedDemo.csproj", "{FC648A40-CB13-4407-AD2A-5EA53B7F6230}"
EndProject
Global
	GlobalSection(SolutionConfigurationPlatforms) = preSolution
		Debug|Any CPU = Debug|Any CPU
		Release|Any CPU = Release|Any CPU
	EndGlobalSection
	GlobalSection(ProjectConfigurationPlatforms) = postSolution
		{FC648A40-CB13-4407-AD2A-5EA53B7F6230}.Debug|Any CPU.ActiveCfg = Debug|Any CPU
		{FC648A40-CB13-4407-AD2A-5EA53B7F6230}.Debug|Any CPU.Build.0 = Debug|Any CPU
		{FC648A40-CB13-4407-AD2A-5EA53B7F6230}.Release|Any CPU.ActiveCfg = Release|Any CPU
		{FC648A40-CB13-4407-AD2A-5EA53B7F6230}.Release|Any CPU.Build.0 = Release|Any CPU
	EndGlobalSection
	GlobalSection(SolutionProperties) = preSolution
		HideSolutionNode = FALSE
	EndGlobalSection
	GlobalSection(ExtensibilityGlobals) = postSolution
		SolutionGuid = {8A0ED1EB-D136-429B-8F0E-944DB3A36E3E}
	EndGlobalSection
EndGlobal
