
Microsoft Visual Studio Solution File, Format Version 12.00
# Visual Studio Version 16
VisualStudioVersion = 16.0.30907.101
MinimumVisualStudioVersion = 10.0.40219.1
Project("{FAE04EC0-301F-11D3-BF4B-00C04F79EFBC}") = "DelegateDemo", "DelegateDemo.csproj", "{AAF56A09-06DD-4F5F-8690-2195B7B7347C}"
EndProject
Global
	GlobalSection(SolutionConfigurationPlatforms) = preSolution
		Debug|Any CPU = Debug|Any CPU
		Release|Any CPU = Release|Any CPU
	EndGlobalSection
	GlobalSection(ProjectConfigurationPlatforms) = postSolution
		{AAF56A09-06DD-4F5F-8690-2195B7B7347C}.Debug|Any CPU.ActiveCfg = Debug|Any CPU
		{AAF56A09-06DD-4F5F-8690-2195B7B7347C}.Debug|Any CPU.Build.0 = Debug|Any CPU
		{AAF56A09-06DD-4F5F-8690-2195B7B7347C}.Release|Any CPU.ActiveCfg = Release|Any CPU
		{AAF56A09-06DD-4F5F-8690-2195B7B7347C}.Release|Any CPU.Build.0 = Release|Any CPU
	EndGlobalSection
	GlobalSection(SolutionProperties) = preSolution
		HideSolutionNode = FALSE
	EndGlobalSection
	GlobalSection(ExtensibilityGlobals) = postSolution
		SolutionGuid = {34645139-53B3-4EBE-9470-1EB2A01E5182}
	EndGlobalSection
EndGlobal
